// !$*UTF8*$!
{
	archiveVersion = 1;
	classes = {
	};
	objectVersion = 52;
	objects = {

/* Begin PBXBuildFile section */
		C52CD63D286CCE6D00D11C32 /* Usuario.swift in Sources */ = {isa = PBXBuildFile; fileRef = C52CD63C286CCE6D00D11C32 /* Usuario.swift */; };
		C52CD63F286CCE7E00D11C32 /* Transaccion.swift in Sources */ = {isa = PBXBuildFile; fileRef = C52CD63E286CCE7E00D11C32 /* Transaccion.swift */; };
		C52CD641286CCE8C00D11C32 /* Cuenta.swift in Sources */ = {isa = PBXBuildFile; fileRef = C52CD640286CCE8C00D11C32 /* Cuenta.swift */; };
		C52CD643286CCE9C00D11C32 /* Tarjeta.swift in Sources */ = {isa = PBXBuildFile; fileRef = C52CD642286CCE9C00D11C32 /* Tarjeta.swift */; };
		C52CD645286CD53900D11C32 /* GoogleService-Info.plist in Resources */ = {isa = PBXBuildFile; fileRef = C52CD644286CD53900D11C32 /* GoogleService-Info.plist */; };
		C52E5B49285FE18D00391EFE /* AppDelegate.swift in Sources */ = {isa = PBXBuildFile; fileRef = C52E5B48285FE18D00391EFE /* AppDelegate.swift */; };
		C52E5B4B285FE18D00391EFE /* SceneDelegate.swift in Sources */ = {isa = PBXBuildFile; fileRef = C52E5B4A285FE18D00391EFE /* SceneDelegate.swift */; };
		C52E5B4D285FE18D00391EFE /* ViewController.swift in Sources */ = {isa = PBXBuildFile; fileRef = C52E5B4C285FE18D00391EFE /* ViewController.swift */; };
		C52E5B50285FE18D00391EFE /* Main.storyboard in Resources */ = {isa = PBXBuildFile; fileRef = C52E5B4E285FE18D00391EFE /* Main.storyboard */; };
		C52E5B52285FE19000391EFE /* Assets.xcassets in Resources */ = {isa = PBXBuildFile; fileRef = C52E5B51285FE19000391EFE /* Assets.xcassets */; };
		C52E5B55285FE19000391EFE /* LaunchScreen.storyboard in Resources */ = {isa = PBXBuildFile; fileRef = C52E5B53285FE19000391EFE /* LaunchScreen.storyboard */; };
		C55CEB6B286CBEBA007227A3 /* MenuViewController.swift in Sources */ = {isa = PBXBuildFile; fileRef = C55CEB6A286CBEBA007227A3 /* MenuViewController.swift */; };
		C55CEB6D286CBED9007227A3 /* UsuTarjetaViewController.swift in Sources */ = {isa = PBXBuildFile; fileRef = C55CEB6C286CBED9007227A3 /* UsuTarjetaViewController.swift */; };
		C55CEB6F286CBF4E007227A3 /* RegUsuViewController.swift in Sources */ = {isa = PBXBuildFile; fileRef = C55CEB6E286CBF4E007227A3 /* RegUsuViewController.swift */; };
		C5A63B01285FEF1200748DFF /* FirebaseAnalytics in Frameworks */ = {isa = PBXBuildFile; productRef = C5A63B00285FEF1200748DFF /* FirebaseAnalytics */; };
		C5A63B03285FEF1200748DFF /* FirebaseAuth in Frameworks */ = {isa = PBXBuildFile; productRef = C5A63B02285FEF1200748DFF /* FirebaseAuth */; };
		C5A63B05285FEF1200748DFF /* FirebaseAuthCombine-Community in Frameworks */ = {isa = PBXBuildFile; productRef = C5A63B04285FEF1200748DFF /* FirebaseAuthCombine-Community */; };
		C5A63B07285FEF1200748DFF /* FirebaseFirestore in Frameworks */ = {isa = PBXBuildFile; productRef = C5A63B06285FEF1200748DFF /* FirebaseFirestore */; };
		C5F200BC28618D6A002244AF /* UsuarioViewController.swift in Sources */ = {isa = PBXBuildFile; fileRef = C5F200BB28618D6A002244AF /* UsuarioViewController.swift */; };
		C5F200C12861A8CA002244AF /* TarjetaViewController.swift in Sources */ = {isa = PBXBuildFile; fileRef = C5F200C02861A8CA002244AF /* TarjetaViewController.swift */; };
		C5F200C32861A932002244AF /* TransaccionViewController.swift in Sources */ = {isa = PBXBuildFile; fileRef = C5F200C22861A932002244AF /* TransaccionViewController.swift */; };
		C5F200C52861A949002244AF /* CuentaViewController.swift in Sources */ = {isa = PBXBuildFile; fileRef = C5F200C42861A949002244AF /* CuentaViewController.swift */; };
/* End PBXBuildFile section */

/* Begin PBXFileReference section */
		C52CD63C286CCE6D00D11C32 /* Usuario.swift */ = {isa = PBXFileReference; lastKnownFileType = sourcecode.swift; path = Usuario.swift; sourceTree = "<group>"; };
		C52CD63E286CCE7E00D11C32 /* Transaccion.swift */ = {isa = PBXFileReference; lastKnownFileType = sourcecode.swift; path = Transaccion.swift; sourceTree = "<group>"; };
		C52CD640286CCE8C00D11C32 /* Cuenta.swift */ = {isa = PBXFileReference; lastKnownFileType = sourcecode.swift; path = Cuenta.swift; sourceTree = "<group>"; };
		C52CD642286CCE9C00D11C32 /* Tarjeta.swift */ = {isa = PBXFileReference; lastKnownFileType = sourcecode.swift; path = Tarjeta.swift; sourceTree = "<group>"; };
		C52CD644286CD53900D11C32 /* GoogleService-Info.plist */ = {isa = PBXFileReference; fileEncoding = 4; lastKnownFileType = text.plist.xml; path = "GoogleService-Info.plist"; sourceTree = "<group>"; };
		C52E5B45285FE18D00391EFE /* cookiebank.app */ = {isa = PBXFileReference; explicitFileType = wrapper.application; includeInIndex = 0; path = cookiebank.app; sourceTree = BUILT_PRODUCTS_DIR; };
		C52E5B48285FE18D00391EFE /* AppDelegate.swift */ = {isa = PBXFileReference; lastKnownFileType = sourcecode.swift; path = AppDelegate.swift; sourceTree = "<group>"; };
		C52E5B4A285FE18D00391EFE /* SceneDelegate.swift */ = {isa = PBXFileReference; lastKnownFileType = sourcecode.swift; path = SceneDelegate.swift; sourceTree = "<group>"; };
		C52E5B4C285FE18D00391EFE /* ViewController.swift */ = {isa = PBXFileReference; lastKnownFileType = sourcecode.swift; path = ViewController.swift; sourceTree = "<group>"; };
		C52E5B4F285FE18D00391EFE /* Base */ = {isa = PBXFileReference; lastKnownFileType = file.storyboard; name = Base; path = Base.lproj/Main.storyboard; sourceTree = "<group>"; };
		C52E5B51285FE19000391EFE /* Assets.xcassets */ = {isa = PBXFileReference; lastKnownFileType = folder.assetcatalog; path = Assets.xcassets; sourceTree = "<group>"; };
		C52E5B54285FE19000391EFE /* Base */ = {isa = PBXFileReference; lastKnownFileType = file.storyboard; name = Base; path = Base.lproj/LaunchScreen.storyboard; sourceTree = "<group>"; };
		C52E5B56285FE19000391EFE /* Info.plist */ = {isa = PBXFileReference; lastKnownFileType = text.plist.xml; path = Info.plist; sourceTree = "<group>"; };
		C55CEB6A286CBEBA007227A3 /* MenuViewController.swift */ = {isa = PBXFileReference; lastKnownFileType = sourcecode.swift; path = MenuViewController.swift; sourceTree = "<group>"; };
		C55CEB6C286CBED9007227A3 /* UsuTarjetaViewController.swift */ = {isa = PBXFileReference; lastKnownFileType = sourcecode.swift; path = UsuTarjetaViewController.swift; sourceTree = "<group>"; };
		C55CEB6E286CBF4E007227A3 /* RegUsuViewController.swift */ = {isa = PBXFileReference; lastKnownFileType = sourcecode.swift; path = RegUsuViewController.swift; sourceTree = "<group>"; };
		C5F200BB28618D6A002244AF /* UsuarioViewController.swift */ = {isa = PBXFileReference; lastKnownFileType = sourcecode.swift; path = UsuarioViewController.swift; sourceTree = "<group>"; };
		C5F200C02861A8CA002244AF /* TarjetaViewController.swift */ = {isa = PBXFileReference; lastKnownFileType = sourcecode.swift; path = TarjetaViewController.swift; sourceTree = "<group>"; };
		C5F200C22861A932002244AF /* TransaccionViewController.swift */ = {isa = PBXFileReference; lastKnownFileType = sourcecode.swift; path = TransaccionViewController.swift; sourceTree = "<group>"; };
		C5F200C42861A949002244AF /* CuentaViewController.swift */ = {isa = PBXFileReference; lastKnownFileType = sourcecode.swift; path = CuentaViewController.swift; sourceTree = "<group>"; };
/* End PBXFileReference section */

/* Begin PBXFrameworksBuildPhase section */
		C52E5B42285FE18D00391EFE /* Frameworks */ = {
			isa = PBXFrameworksBuildPhase;
			buildActionMask = 2147483647;
			files = (
				C5A63B01285FEF1200748DFF /* FirebaseAnalytics in Frameworks */,
				C5A63B07285FEF1200748DFF /* FirebaseFirestore in Frameworks */,
				C5A63B05285FEF1200748DFF /* FirebaseAuthCombine-Community in Frameworks */,
				C5A63B03285FEF1200748DFF /* FirebaseAuth in Frameworks */,
			);
			runOnlyForDeploymentPostprocessing = 0;
		};
/* End PBXFrameworksBuildPhase section */

/* Begin PBXGroup section */
		C52E5B3C285FE18D00391EFE = {
			isa = PBXGroup;
			children = (
				C52E5B47285FE18D00391EFE /* cookiebank */,
				C52E5B46285FE18D00391EFE /* Products */,
			);
			sourceTree = "<group>";
		};
		C52E5B46285FE18D00391EFE /* Products */ = {
			isa = PBXGroup;
			children = (
				C52E5B45285FE18D00391EFE /* cookiebank.app */,
			);
			name = Products;
			sourceTree = "<group>";
		};
		C52E5B47285FE18D00391EFE /* cookiebank */ = {
			isa = PBXGroup;
			children = (
				C55CEB69286CBE75007227A3 /* models */,
				C55CEB68286CBE41007227A3 /* vistas */,
				C52E5B48285FE18D00391EFE /* AppDelegate.swift */,
				C52E5B4A285FE18D00391EFE /* SceneDelegate.swift */,
				C52E5B4C285FE18D00391EFE /* ViewController.swift */,
				C52E5B4E285FE18D00391EFE /* Main.storyboard */,
				C52E5B51285FE19000391EFE /* Assets.xcassets */,
				C52E5B53285FE19000391EFE /* LaunchScreen.storyboard */,
				C52E5B56285FE19000391EFE /* Info.plist */,
				C52CD644286CD53900D11C32 /* GoogleService-Info.plist */,
			);
			path = cookiebank;
			sourceTree = "<group>";
		};
		C55CEB68286CBE41007227A3 /* vistas */ = {
			isa = PBXGroup;
			children = (
				C5F200C02861A8CA002244AF /* TarjetaViewController.swift */,
				C5F200C22861A932002244AF /* TransaccionViewController.swift */,
				C5F200C42861A949002244AF /* CuentaViewController.swift */,
				C5F200BB28618D6A002244AF /* UsuarioViewController.swift */,
				C55CEB6A286CBEBA007227A3 /* MenuViewController.swift */,
				C55CEB6C286CBED9007227A3 /* UsuTarjetaViewController.swift */,
				C55CEB6E286CBF4E007227A3 /* RegUsuViewController.swift */,
			);
			path = vistas;
			sourceTree = "<group>";
		};
		C55CEB69286CBE75007227A3 /* models */ = {
			isa = PBXGroup;
			children = (
				C52CD63C286CCE6D00D11C32 /* Usuario.swift */,
				C52CD63E286CCE7E00D11C32 /* Transaccion.swift */,
				C52CD640286CCE8C00D11C32 /* Cuenta.swift */,
				C52CD642286CCE9C00D11C32 /* Tarjeta.swift */,
			);
			path = models;
			sourceTree = "<group>";
		};
/* End PBXGroup section */

/* Begin PBXNativeTarget section */
		C52E5B44285FE18D00391EFE /* cookiebank */ = {
			isa = PBXNativeTarget;
			buildConfigurationList = C52E5B59285FE19000391EFE /* Build configuration list for PBXNativeTarget "cookiebank" */;
			buildPhases = (
				C52E5B41285FE18D00391EFE /* Sources */,
				C52E5B42285FE18D00391EFE /* Frameworks */,
				C52E5B43285FE18D00391EFE /* Resources */,
			);
			buildRules = (
			);
			dependencies = (
			);
			name = cookiebank;
			packageProductDependencies = (
				C5A63B00285FEF1200748DFF /* FirebaseAnalytics */,
				C5A63B02285FEF1200748DFF /* FirebaseAuth */,
				C5A63B04285FEF1200748DFF /* FirebaseAuthCombine-Community */,
				C5A63B06285FEF1200748DFF /* FirebaseFirestore */,
			);
			productName = cookiebank;
			productReference = C52E5B45285FE18D00391EFE /* cookiebank.app */;
			productType = "com.apple.product-type.application";
		};
/* End PBXNativeTarget section */

/* Begin PBXProject section */
		C52E5B3D285FE18D00391EFE /* Project object */ = {
			isa = PBXProject;
			attributes = {
				LastSwiftUpdateCheck = 1250;
				LastUpgradeCheck = 1250;
				TargetAttributes = {
					C52E5B44285FE18D00391EFE = {
						CreatedOnToolsVersion = 12.5;
					};
				};
			};
			buildConfigurationList = C52E5B40285FE18D00391EFE /* Build configuration list for PBXProject "cookiebank" */;
			compatibilityVersion = "Xcode 9.3";
			developmentRegion = en;
			hasScannedForEncodings = 0;
			knownRegions = (
				en,
				Base,
			);
			mainGroup = C52E5B3C285FE18D00391EFE;
			packageReferences = (
				C5A63AFF285FEF1200748DFF /* XCRemoteSwiftPackageReference "firebase-ios-sdk" */,
			);
			productRefGroup = C52E5B46285FE18D00391EFE /* Products */;
			projectDirPath = "";
			projectRoot = "";
			targets = (
				C52E5B44285FE18D00391EFE /* cookiebank */,
			);
		};
/* End PBXProject section */

/* Begin PBXResourcesBuildPhase section */
		C52E5B43285FE18D00391EFE /* Resources */ = {
			isa = PBXResourcesBuildPhase;
			buildActionMask = 2147483647;
			files = (
				C52E5B55285FE19000391EFE /* LaunchScreen.storyboard in Resources */,
				C52CD645286CD53900D11C32 /* GoogleService-Info.plist in Resources */,
				C52E5B52285FE19000391EFE /* Assets.xcassets in Resources */,
				C52E5B50285FE18D00391EFE /* Main.storyboard in Resources */,
			);
			runOnlyForDeploymentPostprocessing = 0;
		};
/* End PBXResourcesBuildPhase section */

/* Begin PBXSourcesBuildPhase section */
		C52E5B41285FE18D00391EFE /* Sources */ = {
			isa = PBXSourcesBuildPhase;
			buildActionMask = 2147483647;
			files = (
				C52E5B4D285FE18D00391EFE /* ViewController.swift in Sources */,
				C5F200BC28618D6A002244AF /* UsuarioViewController.swift in Sources */,
				C5F200C32861A932002244AF /* TransaccionViewController.swift in Sources */,
				C55CEB6F286CBF4E007227A3 /* RegUsuViewController.swift in Sources */,
				C52CD641286CCE8C00D11C32 /* Cuenta.swift in Sources */,
				C5F200C52861A949002244AF /* CuentaViewController.swift in Sources */,
				C5F200C12861A8CA002244AF /* TarjetaViewController.swift in Sources */,
				C55CEB6D286CBED9007227A3 /* UsuTarjetaViewController.swift in Sources */,
				C52E5B49285FE18D00391EFE /* AppDelegate.swift in Sources */,
				C52E5B4B285FE18D00391EFE /* SceneDelegate.swift in Sources */,
				C52CD63F286CCE7E00D11C32 /* Transaccion.swift in Sources */,
				C55CEB6B286CBEBA007227A3 /* MenuViewController.swift in Sources */,
				C52CD63D286CCE6D00D11C32 /* Usuario.swift in Sources */,
				C52CD643286CCE9C00D11C32 /* Tarjeta.swift in Sources */,
			);
			runOnlyForDeploymentPostprocessing = 0;
		};
/* End PBXSourcesBuildPhase section */

/* Begin PBXVariantGroup section */
		C52E5B4E285FE18D00391EFE /* Main.storyboard */ = {
			isa = PBXVariantGroup;
			children = (
				C52E5B4F285FE18D00391EFE /* Base */,
			);
			name = Main.storyboard;
			sourceTree = "<group>";
		};
		C52E5B53285FE19000391EFE /* LaunchScreen.storyboard */ = {
			isa = PBXVariantGroup;
			children = (
				C52E5B54285FE19000391EFE /* Base */,
			);
			name = LaunchScreen.storyboard;
			sourceTree = "<group>";
		};
/* End PBXVariantGroup section */

/* Begin XCBuildConfiguration section */
		C52E5B57285FE19000391EFE /* Debug */ = {
			isa = XCBuildConfiguration;
			buildSettings = {
				ALWAYS_SEARCH_USER_PATHS = NO;
				CLANG_ANALYZER_NONNULL = YES;
				CLANG_ANALYZER_NUMBER_OBJECT_CONVERSION = YES_AGGRESSIVE;
				CLANG_CXX_LANGUAGE_STANDARD = "gnu++14";
				CLANG_CXX_LIBRARY = "libc++";
				CLANG_ENABLE_MODULES = YES;
				CLANG_ENABLE_OBJC_ARC = YES;
				CLANG_ENABLE_OBJC_WEAK = YES;
				CLANG_WARN_BLOCK_CAPTURE_AUTORELEASING = YES;
				CLANG_WARN_BOOL_CONVERSION = YES;
				CLANG_WARN_COMMA = YES;
				CLANG_WARN_CONSTANT_CONVERSION = YES;
				CLANG_WARN_DEPRECATED_OBJC_IMPLEMENTATIONS = YES;
				CLANG_WARN_DIRECT_OBJC_ISA_USAGE = YES_ERROR;
				CLANG_WARN_DOCUMENTATION_COMMENTS = YES;
				CLANG_WARN_EMPTY_BODY = YES;
				CLANG_WARN_ENUM_CONVERSION = YES;
				CLANG_WARN_INFINITE_RECURSION = YES;
				CLANG_WARN_INT_CONVERSION = YES;
				CLANG_WARN_NON_LITERAL_NULL_CONVERSION = YES;
				CLANG_WARN_OBJC_IMPLICIT_RETAIN_SELF = YES;
				CLANG_WARN_OBJC_LITERAL_CONVERSION = YES;
				CLANG_WARN_OBJC_ROOT_CLASS = YES_ERROR;
				CLANG_WARN_QUOTED_INCLUDE_IN_FRAMEWORK_HEADER = YES;
				CLANG_WARN_RANGE_LOOP_ANALYSIS = YES;
				CLANG_WARN_STRICT_PROTOTYPES = YES;
				CLANG_WARN_SUSPICIOUS_MOVE = YES;
				CLANG_WARN_UNGUARDED_AVAILABILITY = YES_AGGRESSIVE;
				CLANG_WARN_UNREACHABLE_CODE = YES;
				CLANG_WARN__DUPLICATE_METHOD_MATCH = YES;
				COPY_PHASE_STRIP = NO;
				DEBUG_INFORMATION_FORMAT = dwarf;
				ENABLE_STRICT_OBJC_MSGSEND = YES;
				ENABLE_TESTABILITY = YES;
				GCC_C_LANGUAGE_STANDARD = gnu11;
				GCC_DYNAMIC_NO_PIC = NO;
				GCC_NO_COMMON_BLOCKS = YES;
				GCC_OPTIMIZATION_LEVEL = 0;
				GCC_PREPROCESSOR_DEFINITIONS = (
					"DEBUG=1",
					"$(inherited)",
				);
				GCC_WARN_64_TO_32_BIT_CONVERSION = YES;
				GCC_WARN_ABOUT_RETURN_TYPE = YES_ERROR;
				GCC_WARN_UNDECLARED_SELECTOR = YES;
				GCC_WARN_UNINITIALIZED_AUTOS = YES_AGGRESSIVE;
				GCC_WARN_UNUSED_FUNCTION = YES;
				GCC_WARN_UNUSED_VARIABLE = YES;
				IPHONEOS_DEPLOYMENT_TARGET = 14.5;
				MTL_ENABLE_DEBUG_INFO = INCLUDE_SOURCE;
				MTL_FAST_MATH = YES;
				ONLY_ACTIVE_ARCH = YES;
				SDKROOT = iphoneos;
				SWIFT_ACTIVE_COMPILATION_CONDITIONS = DEBUG;
				SWIFT_OPTIMIZATION_LEVEL = "-Onone";
			};
			name = Debug;
		};
		C52E5B58285FE19000391EFE /* Release */ = {
			isa = XCBuildConfiguration;
			buildSettings = {
				ALWAYS_SEARCH_USER_PATHS = NO;
				CLANG_ANALYZER_NONNULL = YES;
				CLANG_ANALYZER_NUMBER_OBJECT_CONVERSION = YES_AGGRESSIVE;
				CLANG_CXX_LANGUAGE_STANDARD = "gnu++14";
				CLANG_CXX_LIBRARY = "libc++";
				CLANG_ENABLE_MODULES = YES;
				CLANG_ENABLE_OBJC_ARC = YES;
				CLANG_ENABLE_OBJC_WEAK = YES;
				CLANG_WARN_BLOCK_CAPTURE_AUTORELEASING = YES;
				CLANG_WARN_BOOL_CONVERSION = YES;
				CLANG_WARN_COMMA = YES;
				CLANG_WARN_CONSTANT_CONVERSION = YES;
				CLANG_WARN_DEPRECATED_OBJC_IMPLEMENTATIONS = YES;
				CLANG_WARN_DIRECT_OBJC_ISA_USAGE = YES_ERROR;
				CLANG_WARN_DOCUMENTATION_COMMENTS = YES;
				CLANG_WARN_EMPTY_BODY = YES;
				CLANG_WARN_ENUM_CONVERSION = YES;
				CLANG_WARN_INFINITE_RECURSION = YES;
				CLANG_WARN_INT_CONVERSION = YES;
				CLANG_WARN_NON_LITERAL_NULL_CONVERSION = YES;
				CLANG_WARN_OBJC_IMPLICIT_RETAIN_SELF = YES;
				CLANG_WARN_OBJC_LITERAL_CONVERSION = YES;
				CLANG_WARN_OBJC_ROOT_CLASS = YES_ERROR;
				CLANG_WARN_QUOTED_INCLUDE_IN_FRAMEWORK_HEADER = YES;
				CLANG_WARN_RANGE_LOOP_ANALYSIS = YES;
				CLANG_WARN_STRICT_PROTOTYPES = YES;
				CLANG_WARN_SUSPICIOUS_MOVE = YES;
				CLANG_WARN_UNGUARDED_AVAILABILITY = YES_AGGRESSIVE;
				CLANG_WARN_UNREACHABLE_CODE = YES;
				CLANG_WARN__DUPLICATE_METHOD_MATCH = YES;
				COPY_PHASE_STRIP = NO;
				DEBUG_INFORMATION_FORMAT = "dwarf-with-dsym";
				ENABLE_NS_ASSERTIONS = NO;
				ENABLE_STRICT_OBJC_MSGSEND = YES;
				GCC_C_LANGUAGE_STANDARD = gnu11;
				GCC_NO_COMMON_BLOCKS = YES;
				GCC_WARN_64_TO_32_BIT_CONVERSION = YES;
				GCC_WARN_ABOUT_RETURN_TYPE = YES_ERROR;
				GCC_WARN_UNDECLARED_SELECTOR = YES;
				GCC_WARN_UNINITIALIZED_AUTOS = YES_AGGRESSIVE;
				GCC_WARN_UNUSED_FUNCTION = YES;
				GCC_WARN_UNUSED_VARIABLE = YES;
				IPHONEOS_DEPLOYMENT_TARGET = 14.5;
				MTL_ENABLE_DEBUG_INFO = NO;
				MTL_FAST_MATH = YES;
				SDKROOT = iphoneos;
				SWIFT_COMPILATION_MODE = wholemodule;
				SWIFT_OPTIMIZATION_LEVEL = "-O";
				VALIDATE_PRODUCT = YES;
			};
			name = Release;
		};
		C52E5B5A285FE19000391EFE /* Debug */ = {
			isa = XCBuildConfiguration;
			buildSettings = {
				ASSETCATALOG_COMPILER_APPICON_NAME = AppIcon;
				ASSETCATALOG_COMPILER_GLOBAL_ACCENT_COLOR_NAME = AccentColor;
				CODE_SIGN_STYLE = Automatic;
				DEVELOPMENT_TEAM = LP5MYX8XXM;
				INFOPLIST_FILE = cookiebank/Info.plist;
				LD_RUNPATH_SEARCH_PATHS = (
					"$(inherited)",
					"@executable_path/Frameworks",
				);
				PRODUCT_BUNDLE_IDENTIFIER = com.cibertec.cookiebank;
				PRODUCT_NAME = "$(TARGET_NAME)";
				SWIFT_VERSION = 5.0;
				TARGETED_DEVICE_FAMILY = "1,2";
			};
			name = Debug;
		};
		C52E5B5B285FE19000391EFE /* Release */ = {
			isa = XCBuildConfiguration;
			buildSettings = {
				ASSETCATALOG_COMPILER_APPICON_NAME = AppIcon;
				ASSETCATALOG_COMPILER_GLOBAL_ACCENT_COLOR_NAME = AccentColor;
				CODE_SIGN_STYLE = Automatic;
				DEVELOPMENT_TEAM = LP5MYX8XXM;
				INFOPLIST_FILE = cookiebank/Info.plist;
				LD_RUNPATH_SEARCH_PATHS = (
					"$(inherited)",
					"@executable_path/Frameworks",
				);
				PRODUCT_BUNDLE_IDENTIFIER = com.cibertec.cookiebank;
				PRODUCT_NAME = "$(TARGET_NAME)";
				SWIFT_VERSION = 5.0;
				TARGETED_DEVICE_FAMILY = "1,2";
			};
			name = Release;
		};
/* End XCBuildConfiguration section */

/* Begin XCConfigurationList section */
		C52E5B40285FE18D00391EFE /* Build configuration list for PBXProject "cookiebank" */ = {
			isa = XCConfigurationList;
			buildConfigurations = (
				C52E5B57285FE19000391EFE /* Debug */,
				C52E5B58285FE19000391EFE /* Release */,
			);
			defaultConfigurationIsVisible = 0;
			defaultConfigurationName = Release;
		};
		C52E5B59285FE19000391EFE /* Build configuration list for PBXNativeTarget "cookiebank" */ = {
			isa = XCConfigurationList;
			buildConfigurations = (
				C52E5B5A285FE19000391EFE /* Debug */,
				C52E5B5B285FE19000391EFE /* Release */,
			);
			defaultConfigurationIsVisible = 0;
			defaultConfigurationName = Release;
		};
/* End XCConfigurationList section */

/* Begin XCRemoteSwiftPackageReference section */
		C5A63AFF285FEF1200748DFF /* XCRemoteSwiftPackageReference "firebase-ios-sdk" */ = {
			isa = XCRemoteSwiftPackageReference;
			repositoryURL = "https://github.com/firebase/firebase-ios-sdk";
			requirement = {
				kind = upToNextMajorVersion;
				minimumVersion = 9.1.0;
			};
		};
/* End XCRemoteSwiftPackageReference section */

/* Begin XCSwiftPackageProductDependency section */
		C5A63B00285FEF1200748DFF /* FirebaseAnalytics */ = {
			isa = XCSwiftPackageProductDependency;
			package = C5A63AFF285FEF1200748DFF /* XCRemoteSwiftPackageReference "firebase-ios-sdk" */;
			productName = FirebaseAnalytics;
		};
		C5A63B02285FEF1200748DFF /* FirebaseAuth */ = {
			isa = XCSwiftPackageProductDependency;
			package = C5A63AFF285FEF1200748DFF /* XCRemoteSwiftPackageReference "firebase-ios-sdk" */;
			productName = FirebaseAuth;
		};
		C5A63B04285FEF1200748DFF /* FirebaseAuthCombine-Community */ = {
			isa = XCSwiftPackageProductDependency;
			package = C5A63AFF285FEF1200748DFF /* XCRemoteSwiftPackageReference "firebase-ios-sdk" */;
			productName = "FirebaseAuthCombine-Community";
		};
		C5A63B06285FEF1200748DFF /* FirebaseFirestore */ = {
			isa = XCSwiftPackageProductDependency;
			package = C5A63AFF285FEF1200748DFF /* XCRemoteSwiftPackageReference "firebase-ios-sdk" */;
			productName = FirebaseFirestore;
		};
/* End XCSwiftPackageProductDependency section */
	};
	rootObject = C52E5B3D285FE18D00391EFE /* Project object */;
}
